github.com/davecgh/go-spew v1.1.1 h1:vj9j/u1bqnvCEfJOwUhtlOARqs3+rkHYY13jYWTU97c=
github.com/davecgh/go-spew v1.1.1/go.mod h1:J7Y8YcW2NihsgmVo/mv3lAwl/skON4iLHjSsI+c5H38=
github.com/goark/errs v1.3.4 h1:/+/xwF3UwXGxGGLurzBTaMMoryTBeaPfheJ1aW9cglA=
github.com/goark/errs v1.3.4/go.mod h1:4xM7rorwYQlqh9kUhfKpC5P7VAJW2KfvuQpYnTaU0ek=
github.com/goark/fetch v0.5.3 h1:ZwT5N04BSiPw2tF2gG5MXsmoSr+A/sxE52KJWy/aWzw=
github.com/goark/fetch v0.5.3/go.mod h1:jgu+bn1HN8AfEks+ENqiPJVF99Cvs7cb2dqSujhjsOE=
github.com/goark/gocli v0.14.0 h1:YK8g9vkH4FnnJUplFgiNH9IhDH9uaWKUGaMfaAhBjYc=
github.com/goark/gocli v0.14.0/go.mod h1:FLgDEiCNuj9RSxDQGKiqBTh/n/z9Lk4RJFv30ea/ck0=
github.com/goark/koyomi v0.12.0 h1:+iCgl979K4W7WoO6KSs9QhKaMKLp3ol5e3uUzzGh7SA=
github.com/goark/koyomi v0.12.0/go.mod h1:rP8ciUr5SAaTdutLUZ02irAZ65BRdtjqyna8bSCjYYI=
github.com/goark/struct2pflag v0.2.0 h1:WfoXZB76CiUiNZX91rpXZoOwTyfjoSTq6RudOxvuyVU=
github.com/goark/struct2pflag v0.2.0/go.mod h1:ZqKLwjdZwS+eO2JoTs0UymudyOjyR2N8ELaiJJfZOQY=
github.com/pmezard/go-difflib v1.0.0 h1:4DBwDE0NGyQoBHbLQYPwSUPoCMWR5BEzIk/f1lZbAQM=
github.com/pmezard/go-difflib v1.0.0/go.mod h1:iKH77koFhYxTK1pcRnkKkqfTogsbg7gZNVY4sRDYZ/4=
github.com/spf13/pflag v1.0.10 h1:4EBh2KAYBwaONj6b2Ye1GiHfwjqyROoF4RwYO+vPwFk=
github.com/spf13/pflag v1.0.10/go.mod h1:McXfInJRrz4CZXVZOBLb0bTZqETkiAhM9Iw0y3An2Bg=
github.com/spiegel-im-spiegel/ics-golang v0.1.2 h1:tXyFHjh529OCseND8Pksrpl67jmmrwQ4sxsHMoTwxAw=
github.com/spiegel-im-spiegel/ics-golang v0.1.2/go.mod h1:nIw5R95KudN4lspxkg0OMas7j62xq15gVkwC/T8yX8Y=
github.com/spiegel-im-spiegel/iso8601duration v0.1.2 h1:ZYOuC3uFmIJg9DymBSEPRfK29974XqXJmUnrvid0h1c=
github.com/spiegel-im-spiegel/iso8601duration v0.1.2/go.mod h1:gATNG0Iy4zuiwmC4ZrxeZo5PHrrcjTV/es2VECdIknE=
github.com/stretchr/testify v1.11.1 h1:7s2iGBzp5EwR7/aIZr8ao5+dra3wiQyKjjFuvgVKu7U=
github.com/stretchr/testify v1.11.1/go.mod h1:wZwfW3scLgRK+23gO65QZefKpKQRnfz6sD981Nm4B6U=
gopkg.in/yaml.v3 v3.0.1 h1:fxVm/GzAzEWqLHuvctI91KS9hhNmmWOoWu0XTYJS7CA=
gopkg.in/yaml.v3 v3.0.1/go.mod h1:K4uyk7z7BCEPqu6E+C64Yfv1cQ7kz7rIZviUmN+EgEM=
